{
    "name": "music-client",
    "version": "1.0.0",
    "lockfileVersion": 1,
    "requires": true,
    "dependencies": {
        "async-limiter": {
            "version": "1.0.1",
            "resolved": "https://registry.npmjs.org/async-limiter/-/async-limiter-1.0.1.tgz",
            "integrity": "sha512-csOlWGAcRFJaI6m+F2WKdnMKr4HhdhFVBk0H/QbJFMCr+uO2kwohwXQPxw/9OCxp05r5ghVBFSyioixx3gfkNQ=="
        },
        "node-omxplayer": {
            "version": "0.6.1",
            "resolved": "https://registry.npmjs.org/node-omxplayer/-/node-omxplayer-0.6.1.tgz",
            "integrity": "sha512-yRhzO8iDwN6fzMs862xrCDu4vnjpRmus8yzu2S9WP14OqgeB0epdKipJro+C9iqIQ6OD5Ao25ZuftZ1Lw/kisA=="
        },
        "ws": {
            "version": "7.2.0",
            "resolved": "https://registry.npmjs.org/ws/-/ws-7.2.0.tgz",
            "integrity": "sha512-+SqNqFbwTm/0DC18KYzIsMTnEWpLwJsiasW/O17la4iDRRIO9uaHbvKiAS3AHgTiuuWerK/brj4O6MYZkei9xg==",
            "requires": {
                "async-limiter": "^1.0.0"
            }
        }
    }
}
